
Microsoft Visual Studio Solution File, Format Version 11.00
# Visual Studio 2010
Project("{FAE04EC0-301F-11D3-BF4B-00C04F79EFBC}") = "Assembly-CSharp", "Assembly-CSharp.csproj", "{C1BE9464-3EDE-8752-9D38-AD3BD7854A94}"
EndProject
Project("{FAE04EC0-301F-11D3-BF4B-00C04F79EFBC}") = "Assembly-CSharp-Editor", "Assembly-CSharp-Editor.csproj", "{AFB67609-B48D-AC20-D046-0377C6B047AA}"
EndProject
Project("{FAE04EC0-301F-11D3-BF4B-00C04F79EFBC}") = "Assembly-CSharp-Editor-firstpass", "Assembly-CSharp-Editor-firstpass.csproj", "{4523D39C-12B7-9F3E-F810-D1395110A6C2}"
EndProject
Global
	GlobalSection(SolutionConfigurationPlatforms) = preSolution
		Debug|Any CPU = Debug|Any CPU
		Release|Any CPU = Release|Any CPU
	EndGlobalSection
	GlobalSection(ProjectConfigurationPlatforms) = postSolution
		{C1BE9464-3EDE-8752-9D38-AD3BD7854A94}.Debug|Any CPU.ActiveCfg = Debug|Any CPU
		{C1BE9464-3EDE-8752-9D38-AD3BD7854A94}.Debug|Any CPU.Build.0 = Debug|Any CPU
		{C1BE9464-3EDE-8752-9D38-AD3BD7854A94}.Release|Any CPU.ActiveCfg = Release|Any CPU
		{C1BE9464-3EDE-8752-9D38-AD3BD7854A94}.Release|Any CPU.Build.0 = Release|Any CPU
		{AFB67609-B48D-AC20-D046-0377C6B047AA}.Debug|Any CPU.ActiveCfg = Debug|Any CPU
		{AFB67609-B48D-AC20-D046-0377C6B047AA}.Debug|Any CPU.Build.0 = Debug|Any CPU
		{AFB67609-B48D-AC20-D046-0377C6B047AA}.Release|Any CPU.ActiveCfg = Release|Any CPU
		{AFB67609-B48D-AC20-D046-0377C6B047AA}.Release|Any CPU.Build.0 = Release|Any CPU
		{4523D39C-12B7-9F3E-F810-D1395110A6C2}.Debug|Any CPU.ActiveCfg = Debug|Any CPU
		{4523D39C-12B7-9F3E-F810-D1395110A6C2}.Debug|Any CPU.Build.0 = Debug|Any CPU
		{4523D39C-12B7-9F3E-F810-D1395110A6C2}.Release|Any CPU.ActiveCfg = Release|Any CPU
		{4523D39C-12B7-9F3E-F810-D1395110A6C2}.Release|Any CPU.Build.0 = Release|Any CPU
	EndGlobalSection
	GlobalSection(SolutionProperties) = preSolution
		HideSolutionNode = FALSE
	EndGlobalSection
EndGlobal
